
Microsoft Visual Studio Solution File, Format Version 12.00
# Visual Studio Version 17
VisualStudioVersion = 17.9.34622.214
MinimumVisualStudioVersion = 10.0.40219.1
Project("{FAE04EC0-301F-11D3-BF4B-00C04F79EFBC}") = "dongho 2", "dongho 2\dongho 2.csproj", "{72779CE6-94A0-4450-9203-2A2D82586B03}"
EndProject
Project("{FAE04EC0-301F-11D3-BF4B-00C04F79EFBC}") = "demo", "demo\demo.csproj", "{100EFAB7-A1C9-4036-AD94-A77548137630}"
EndProject
Global
	GlobalSection(SolutionConfigurationPlatforms) = preSolution
		Debug|Any CPU = Debug|Any CPU
		Release|Any CPU = Release|Any CPU
	EndGlobalSection
	GlobalSection(ProjectConfigurationPlatforms) = postSolution
		{72779CE6-94A0-4450-9203-2A2D82586B03}.Debug|Any CPU.ActiveCfg = Debug|Any CPU
		{72779CE6-94A0-4450-9203-2A2D82586B03}.Debug|Any CPU.Build.0 = Debug|Any CPU
		{72779CE6-94A0-4450-9203-2A2D82586B03}.Release|Any CPU.ActiveCfg = Release|Any CPU
		{72779CE6-94A0-4450-9203-2A2D82586B03}.Release|Any CPU.Build.0 = Release|Any CPU
		{100EFAB7-A1C9-4036-AD94-A77548137630}.Debug|Any CPU.ActiveCfg = Debug|Any CPU
		{100EFAB7-A1C9-4036-AD94-A77548137630}.Debug|Any CPU.Build.0 = Debug|Any CPU
		{100EFAB7-A1C9-4036-AD94-A77548137630}.Release|Any CPU.ActiveCfg = Release|Any CPU
		{100EFAB7-A1C9-4036-AD94-A77548137630}.Release|Any CPU.Build.0 = Release|Any CPU
	EndGlobalSection
	GlobalSection(SolutionProperties) = preSolution
		HideSolutionNode = FALSE
	EndGlobalSection
	GlobalSection(ExtensibilityGlobals) = postSolution
		SolutionGuid = {A2373076-40D3-4D0E-8681-49B56B71FDD2}
	EndGlobalSection
EndGlobal
